
Microsoft Visual Studio Solution File, Format Version 12.00
# Visual Studio 14
VisualStudioVersion = 14.0.25123.0
MinimumVisualStudioVersion = 10.0.40219.1
Project("{FAE04EC0-301F-11D3-BF4B-00C04F79EFBC}") = "FindDigits", "FindDigits\FindDigits.csproj", "{BAA00C8F-CE6A-4DD6-A59B-10AAE24811AD}"
EndProject
Project("{FAE04EC0-301F-11D3-BF4B-00C04F79EFBC}") = "Sherlock and Squares", "Sherlock and Squares\Sherlock and Squares.csproj", "{33649C90-8FCF-4FFF-AA3A-3A09AD649C8E}"
EndProject
Project("{FAE04EC0-301F-11D3-BF4B-00C04F79EFBC}") = "Service Lane", "Service Lane\Service Lane.csproj", "{98D60389-27B1-4922-98FB-7AD7E19E7AC2}"
EndProject
Project("{FAE04EC0-301F-11D3-BF4B-00C04F79EFBC}") = "Cut the sticks", "Cut the sticks\Cut the sticks.csproj", "{3F08E882-2021-473F-B2D6-D7AE214A2449}"
EndProject
Project("{FAE04EC0-301F-11D3-BF4B-00C04F79EFBC}") = "The Love-Letter Mystery", "The Love-Letter Mystery\The Love-Letter Mystery.csproj", "{218D648C-2E93-4187-A956-79C70BB52B89}"
EndProject
Global
	GlobalSection(SolutionConfigurationPlatforms) = preSolution
		Debug|Any CPU = Debug|Any CPU
		Release|Any CPU = Release|Any CPU
	EndGlobalSection
	GlobalSection(ProjectConfigurationPlatforms) = postSolution
		{BAA00C8F-CE6A-4DD6-A59B-10AAE24811AD}.Debug|Any CPU.ActiveCfg = Debug|Any CPU
		{BAA00C8F-CE6A-4DD6-A59B-10AAE24811AD}.Debug|Any CPU.Build.0 = Debug|Any CPU
		{BAA00C8F-CE6A-4DD6-A59B-10AAE24811AD}.Release|Any CPU.ActiveCfg = Release|Any CPU
		{BAA00C8F-CE6A-4DD6-A59B-10AAE24811AD}.Release|Any CPU.Build.0 = Release|Any CPU
		{33649C90-8FCF-4FFF-AA3A-3A09AD649C8E}.Debug|Any CPU.ActiveCfg = Debug|Any CPU
		{33649C90-8FCF-4FFF-AA3A-3A09AD649C8E}.Debug|Any CPU.Build.0 = Debug|Any CPU
		{33649C90-8FCF-4FFF-AA3A-3A09AD649C8E}.Release|Any CPU.ActiveCfg = Release|Any CPU
		{33649C90-8FCF-4FFF-AA3A-3A09AD649C8E}.Release|Any CPU.Build.0 = Release|Any CPU
		{98D60389-27B1-4922-98FB-7AD7E19E7AC2}.Debug|Any CPU.ActiveCfg = Debug|Any CPU
		{98D60389-27B1-4922-98FB-7AD7E19E7AC2}.Debug|Any CPU.Build.0 = Debug|Any CPU
		{98D60389-27B1-4922-98FB-7AD7E19E7AC2}.Release|Any CPU.ActiveCfg = Release|Any CPU
		{98D60389-27B1-4922-98FB-7AD7E19E7AC2}.Release|Any CPU.Build.0 = Release|Any CPU
		{3F08E882-2021-473F-B2D6-D7AE214A2449}.Debug|Any CPU.ActiveCfg = Debug|Any CPU
		{3F08E882-2021-473F-B2D6-D7AE214A2449}.Debug|Any CPU.Build.0 = Debug|Any CPU
		{3F08E882-2021-473F-B2D6-D7AE214A2449}.Release|Any CPU.ActiveCfg = Release|Any CPU
		{3F08E882-2021-473F-B2D6-D7AE214A2449}.Release|Any CPU.Build.0 = Release|Any CPU
		{218D648C-2E93-4187-A956-79C70BB52B89}.Debug|Any CPU.ActiveCfg = Debug|Any CPU
		{218D648C-2E93-4187-A956-79C70BB52B89}.Debug|Any CPU.Build.0 = Debug|Any CPU
		{218D648C-2E93-4187-A956-79C70BB52B89}.Release|Any CPU.ActiveCfg = Release|Any CPU
		{218D648C-2E93-4187-A956-79C70BB52B89}.Release|Any CPU.Build.0 = Release|Any CPU
	EndGlobalSection
	GlobalSection(SolutionProperties) = preSolution
		HideSolutionNode = FALSE
	EndGlobalSection
EndGlobal
