
Microsoft Visual Studio Solution File, Format Version 12.00
# Visual Studio 14
VisualStudioVersion = 14.0.25420.1
MinimumVisualStudioVersion = 10.0.40219.1
Project("{FAE04EC0-301F-11D3-BF4B-00C04F79EFBC}") = "FindDigits", "FindDigits\FindDigits.csproj", "{BAA00C8F-CE6A-4DD6-A59B-10AAE24811AD}"
EndProject
Project("{FAE04EC0-301F-11D3-BF4B-00C04F79EFBC}") = "Sherlock and Squares", "Sherlock and Squares\Sherlock and Squares.csproj", "{33649C90-8FCF-4FFF-AA3A-3A09AD649C8E}"
EndProject
Project("{FAE04EC0-301F-11D3-BF4B-00C04F79EFBC}") = "Service Lane", "Service Lane\Service Lane.csproj", "{98D60389-27B1-4922-98FB-7AD7E19E7AC2}"
EndProject
Project("{FAE04EC0-301F-11D3-BF4B-00C04F79EFBC}") = "Cut the sticks", "Cut the sticks\Cut the sticks.csproj", "{3F08E882-2021-473F-B2D6-D7AE214A2449}"
EndProject
Project("{FAE04EC0-301F-11D3-BF4B-00C04F79EFBC}") = "The Love-Letter Mystery", "The Love-Letter Mystery\The Love-Letter Mystery.csproj", "{218D648C-2E93-4187-A956-79C70BB52B89}"
EndProject
Project("{FAE04EC0-301F-11D3-BF4B-00C04F79EFBC}") = "Simple Array Sum", "Simple Array Sum\Simple Array Sum.csproj", "{7BD2E366-7EDC-4984-8C19-8569F1494CED}"
EndProject
Project("{FAE04EC0-301F-11D3-BF4B-00C04F79EFBC}") = "A Very Big Sum", "A Very Big Sum\A Very Big Sum.csproj", "{4D423F6E-FC83-4642-B620-F653AEE6B63D}"
EndProject
Project("{FAE04EC0-301F-11D3-BF4B-00C04F79EFBC}") = "Diagonal Difference", "Diagonal Difference\Diagonal Difference.csproj", "{1010209F-B884-4B5F-BC83-445D73094BAC}"
EndProject
Project("{FAE04EC0-301F-11D3-BF4B-00C04F79EFBC}") = "Plus Minus", "Plus Minus\Plus Minus.csproj", "{0264E9B2-CDDC-40F3-8290-D56BAF862AEB}"
EndProject
Project("{FAE04EC0-301F-11D3-BF4B-00C04F79EFBC}") = "Staircase", "Staircase\Staircase.csproj", "{3199BB44-21FD-4B13-9FFE-B3FF00BE3C45}"
EndProject
Project("{FAE04EC0-301F-11D3-BF4B-00C04F79EFBC}") = "Angry Professor", "Angry Professor\Angry Professor.csproj", "{6279E9AB-BBE9-46C6-B797-324437C338B8}"
EndProject
Project("{FAE04EC0-301F-11D3-BF4B-00C04F79EFBC}") = "Two Strings", "Two Strings\Two Strings.csproj", "{BBC2EFA8-9AE1-4841-967E-6C14BEA20C9A}"
EndProject
Project("{FAE04EC0-301F-11D3-BF4B-00C04F79EFBC}") = "Bigger is Greater", "Bigger is Greater\Bigger is Greater.csproj", "{A799B2D7-6F14-445B-B370-83CCC91C88AA}"
EndProject
Project("{FAE04EC0-301F-11D3-BF4B-00C04F79EFBC}") = "Bon Appétit", "Bon Appétit\Bon Appétit.csproj", "{2BB1D56C-B781-48E6-B579-6D2BAAE57CE6}"
EndProject
Project("{FAE04EC0-301F-11D3-BF4B-00C04F79EFBC}") = "Bonetrousle", "Bonetrousle\Bonetrousle.csproj", "{11B81854-B3B2-4610-8110-D1091501D6DE}"
EndProject
Project("{FAE04EC0-301F-11D3-BF4B-00C04F79EFBC}") = "Palindrome Index", "Palindrome Index\Palindrome Index.csproj", "{97F57FCF-357C-4286-807F-BEFFA9DB82F8}"
EndProject
Project("{FAE04EC0-301F-11D3-BF4B-00C04F79EFBC}") = "Anagram", "Anagram\Anagram.csproj", "{E8F4905A-893B-4A1E-AB1A-82124DA4B996}"
EndProject
Project("{FAE04EC0-301F-11D3-BF4B-00C04F79EFBC}") = "Game of Thrones - I", "Game of Thrones - I\Game of Thrones - I.csproj", "{A4E9A407-DBFE-4437-A145-C5CC6F3FD580}"
EndProject
Project("{FAE04EC0-301F-11D3-BF4B-00C04F79EFBC}") = "Making Anagrams", "Making Anagrams\Making Anagrams.csproj", "{54B79BE3-A539-425C-97AD-95E8827E866E}"
EndProject
Project("{FAE04EC0-301F-11D3-BF4B-00C04F79EFBC}") = "Bear and Steady Gene", "Bear and Steady Gene\Bear and Steady Gene.csproj", "{ECF2B4A2-01C2-47EB-B1A2-B21E387D2C74}"
EndProject
Project("{2150E333-8FDC-42A3-9474-1A3956D46DE8}") = "Pending", "Pending", "{3631AC14-BC76-438D-AAD9-27B56AE076EF}"
EndProject
Project("{FAE04EC0-301F-11D3-BF4B-00C04F79EFBC}") = "Maximizing XOR", "Maximizing XOR\Maximizing XOR.csproj", "{9E9BEC6E-042D-4600-A566-CF9D0E9AF256}"
EndProject
Project("{FAE04EC0-301F-11D3-BF4B-00C04F79EFBC}") = "Counter game", "Counter game\Counter game.csproj", "{6085A4C4-0F03-4ADA-A11E-1CFD6D493D51}"
EndProject
Project("{FAE04EC0-301F-11D3-BF4B-00C04F79EFBC}") = "Flipping bits", "Flipping bits\Flipping bits.csproj", "{25B01195-6B8C-4C12-8C3B-F1DA2C6EFBB5}"
EndProject
Project("{FAE04EC0-301F-11D3-BF4B-00C04F79EFBC}") = "Compare the Triplets", "Compare the Triplets\Compare the Triplets.csproj", "{957CFD01-95B6-4907-904E-83AC9E7F4F2E}"
EndProject
Project("{FAE04EC0-301F-11D3-BF4B-00C04F79EFBC}") = "CamelCase", "CamelCase\CamelCase.csproj", "{C6D90B7B-6451-4F9F-A846-494FEA698498}"
EndProject
Project("{FAE04EC0-301F-11D3-BF4B-00C04F79EFBC}") = "Two Characters", "Two Characters\Two Characters.csproj", "{AA3FB3CB-857C-4D2D-BF2A-1C1C1B4C13C9}"
EndProject
Project("{FAE04EC0-301F-11D3-BF4B-00C04F79EFBC}") = "Insertion Sort - Part 1", "Insertion Sort - Part 1\Insertion Sort - Part 1.csproj", "{AD108C5B-9DAE-4C85-98BB-0FC1AC8E899A}"
EndProject
Project("{FAE04EC0-301F-11D3-BF4B-00C04F79EFBC}") = "Insertion Sort - Part 2", "Insertion Sort - Part 2\Insertion Sort - Part 2.csproj", "{041C8342-2A77-4CD5-8F50-AABF238EF12D}"
EndProject
Project("{FAE04EC0-301F-11D3-BF4B-00C04F79EFBC}") = "Sock Merchant", "Sock Merchant\Sock Merchant.csproj", "{8C72C9F5-07BA-4ED7-842C-B1D776A21851}"
EndProject
Project("{FAE04EC0-301F-11D3-BF4B-00C04F79EFBC}") = "Non-Divisible Subset", "Non-Divisible Subset\Non-Divisible Subset.csproj", "{B3F8757E-B480-4179-ABF8-8732DF6DDCA6}"
EndProject
Project("{FAE04EC0-301F-11D3-BF4B-00C04F79EFBC}") = "Manasa loves Maths", "Manasa loves Maths\Manasa loves Maths.csproj", "{FE49C496-697B-4313-8916-F69CC3383E7B}"
EndProject
Project("{FAE04EC0-301F-11D3-BF4B-00C04F79EFBC}") = "Time Conversion", "Time Conversion\Time Conversion.csproj", "{83E2C3A0-ECB3-4547-89B9-94167021A1D3}"
EndProject
Project("{FAE04EC0-301F-11D3-BF4B-00C04F79EFBC}") = "Red John is Back", "Red John is Back\Red John is Back.csproj", "{F97B3EFE-C4ED-4BA2-A868-36A6B617538C}"
EndProject
Project("{FAE04EC0-301F-11D3-BF4B-00C04F79EFBC}") = "BFS_Shortest_Reach", "BFS_Shortest_Reach\BFS_Shortest_Reach.csproj", "{92E351B6-1C52-40E8-9A63-4FD2B2AAC385}"
EndProject
Project("{FAE04EC0-301F-11D3-BF4B-00C04F79EFBC}") = "Repeated String", "Repeated String\Repeated String.csproj", "{AB62C7D5-9D1A-48C2-A895-3840C0603046}"
EndProject
Project("{FAE04EC0-301F-11D3-BF4B-00C04F79EFBC}") = "Jumping on the Clouds", "Jumping on the Clouds\Jumping on the Clouds.csproj", "{3CB9F6F2-51ED-4BE9-992B-6A73C4F92AD1}"
EndProject
Project("{2150E333-8FDC-42A3-9474-1A3956D46DE8}") = "ReusableCode", "ReusableCode", "{2094F043-6BE5-4908-A848-04E53E59679B}"
EndProject
Project("{FAE04EC0-301F-11D3-BF4B-00C04F79EFBC}") = "Strange Counter", "Strange Counter\Strange Counter.csproj", "{E5775136-36DA-4E81-B6D8-38F22FC42B38}"
EndProject
Project("{FAE04EC0-301F-11D3-BF4B-00C04F79EFBC}") = "Save the Prisoner", "Save the Prisoner\Save the Prisoner.csproj", "{A81FC845-703C-44CB-B83D-7F55B857CD9B}"
EndProject
Global
	GlobalSection(SolutionConfigurationPlatforms) = preSolution
		Debug|Any CPU = Debug|Any CPU
		Release|Any CPU = Release|Any CPU
	EndGlobalSection
	GlobalSection(ProjectConfigurationPlatforms) = postSolution
		{BAA00C8F-CE6A-4DD6-A59B-10AAE24811AD}.Debug|Any CPU.ActiveCfg = Debug|Any CPU
		{BAA00C8F-CE6A-4DD6-A59B-10AAE24811AD}.Debug|Any CPU.Build.0 = Debug|Any CPU
		{BAA00C8F-CE6A-4DD6-A59B-10AAE24811AD}.Release|Any CPU.ActiveCfg = Release|Any CPU
		{BAA00C8F-CE6A-4DD6-A59B-10AAE24811AD}.Release|Any CPU.Build.0 = Release|Any CPU
		{33649C90-8FCF-4FFF-AA3A-3A09AD649C8E}.Debug|Any CPU.ActiveCfg = Debug|Any CPU
		{33649C90-8FCF-4FFF-AA3A-3A09AD649C8E}.Debug|Any CPU.Build.0 = Debug|Any CPU
		{33649C90-8FCF-4FFF-AA3A-3A09AD649C8E}.Release|Any CPU.ActiveCfg = Release|Any CPU
		{33649C90-8FCF-4FFF-AA3A-3A09AD649C8E}.Release|Any CPU.Build.0 = Release|Any CPU
		{98D60389-27B1-4922-98FB-7AD7E19E7AC2}.Debug|Any CPU.ActiveCfg = Debug|Any CPU
		{98D60389-27B1-4922-98FB-7AD7E19E7AC2}.Debug|Any CPU.Build.0 = Debug|Any CPU
		{98D60389-27B1-4922-98FB-7AD7E19E7AC2}.Release|Any CPU.ActiveCfg = Release|Any CPU
		{98D60389-27B1-4922-98FB-7AD7E19E7AC2}.Release|Any CPU.Build.0 = Release|Any CPU
		{3F08E882-2021-473F-B2D6-D7AE214A2449}.Debug|Any CPU.ActiveCfg = Debug|Any CPU
		{3F08E882-2021-473F-B2D6-D7AE214A2449}.Debug|Any CPU.Build.0 = Debug|Any CPU
		{3F08E882-2021-473F-B2D6-D7AE214A2449}.Release|Any CPU.ActiveCfg = Release|Any CPU
		{3F08E882-2021-473F-B2D6-D7AE214A2449}.Release|Any CPU.Build.0 = Release|Any CPU
		{218D648C-2E93-4187-A956-79C70BB52B89}.Debug|Any CPU.ActiveCfg = Debug|Any CPU
		{218D648C-2E93-4187-A956-79C70BB52B89}.Debug|Any CPU.Build.0 = Debug|Any CPU
		{218D648C-2E93-4187-A956-79C70BB52B89}.Release|Any CPU.ActiveCfg = Release|Any CPU
		{218D648C-2E93-4187-A956-79C70BB52B89}.Release|Any CPU.Build.0 = Release|Any CPU
		{7BD2E366-7EDC-4984-8C19-8569F1494CED}.Debug|Any CPU.ActiveCfg = Debug|Any CPU
		{7BD2E366-7EDC-4984-8C19-8569F1494CED}.Debug|Any CPU.Build.0 = Debug|Any CPU
		{7BD2E366-7EDC-4984-8C19-8569F1494CED}.Release|Any CPU.ActiveCfg = Release|Any CPU
		{7BD2E366-7EDC-4984-8C19-8569F1494CED}.Release|Any CPU.Build.0 = Release|Any CPU
		{4D423F6E-FC83-4642-B620-F653AEE6B63D}.Debug|Any CPU.ActiveCfg = Debug|Any CPU
		{4D423F6E-FC83-4642-B620-F653AEE6B63D}.Debug|Any CPU.Build.0 = Debug|Any CPU
		{4D423F6E-FC83-4642-B620-F653AEE6B63D}.Release|Any CPU.ActiveCfg = Release|Any CPU
		{4D423F6E-FC83-4642-B620-F653AEE6B63D}.Release|Any CPU.Build.0 = Release|Any CPU
		{1010209F-B884-4B5F-BC83-445D73094BAC}.Debug|Any CPU.ActiveCfg = Debug|Any CPU
		{1010209F-B884-4B5F-BC83-445D73094BAC}.Debug|Any CPU.Build.0 = Debug|Any CPU
		{1010209F-B884-4B5F-BC83-445D73094BAC}.Release|Any CPU.ActiveCfg = Release|Any CPU
		{1010209F-B884-4B5F-BC83-445D73094BAC}.Release|Any CPU.Build.0 = Release|Any CPU
		{0264E9B2-CDDC-40F3-8290-D56BAF862AEB}.Debug|Any CPU.ActiveCfg = Debug|Any CPU
		{0264E9B2-CDDC-40F3-8290-D56BAF862AEB}.Debug|Any CPU.Build.0 = Debug|Any CPU
		{0264E9B2-CDDC-40F3-8290-D56BAF862AEB}.Release|Any CPU.ActiveCfg = Release|Any CPU
		{0264E9B2-CDDC-40F3-8290-D56BAF862AEB}.Release|Any CPU.Build.0 = Release|Any CPU
		{3199BB44-21FD-4B13-9FFE-B3FF00BE3C45}.Debug|Any CPU.ActiveCfg = Debug|Any CPU
		{3199BB44-21FD-4B13-9FFE-B3FF00BE3C45}.Debug|Any CPU.Build.0 = Debug|Any CPU
		{3199BB44-21FD-4B13-9FFE-B3FF00BE3C45}.Release|Any CPU.ActiveCfg = Release|Any CPU
		{3199BB44-21FD-4B13-9FFE-B3FF00BE3C45}.Release|Any CPU.Build.0 = Release|Any CPU
		{6279E9AB-BBE9-46C6-B797-324437C338B8}.Debug|Any CPU.ActiveCfg = Debug|Any CPU
		{6279E9AB-BBE9-46C6-B797-324437C338B8}.Debug|Any CPU.Build.0 = Debug|Any CPU
		{6279E9AB-BBE9-46C6-B797-324437C338B8}.Release|Any CPU.ActiveCfg = Release|Any CPU
		{6279E9AB-BBE9-46C6-B797-324437C338B8}.Release|Any CPU.Build.0 = Release|Any CPU
		{BBC2EFA8-9AE1-4841-967E-6C14BEA20C9A}.Debug|Any CPU.ActiveCfg = Debug|Any CPU
		{BBC2EFA8-9AE1-4841-967E-6C14BEA20C9A}.Debug|Any CPU.Build.0 = Debug|Any CPU
		{BBC2EFA8-9AE1-4841-967E-6C14BEA20C9A}.Release|Any CPU.ActiveCfg = Release|Any CPU
		{BBC2EFA8-9AE1-4841-967E-6C14BEA20C9A}.Release|Any CPU.Build.0 = Release|Any CPU
		{A799B2D7-6F14-445B-B370-83CCC91C88AA}.Debug|Any CPU.ActiveCfg = Debug|Any CPU
		{A799B2D7-6F14-445B-B370-83CCC91C88AA}.Debug|Any CPU.Build.0 = Debug|Any CPU
		{A799B2D7-6F14-445B-B370-83CCC91C88AA}.Release|Any CPU.ActiveCfg = Release|Any CPU
		{A799B2D7-6F14-445B-B370-83CCC91C88AA}.Release|Any CPU.Build.0 = Release|Any CPU
		{2BB1D56C-B781-48E6-B579-6D2BAAE57CE6}.Debug|Any CPU.ActiveCfg = Debug|Any CPU
		{2BB1D56C-B781-48E6-B579-6D2BAAE57CE6}.Debug|Any CPU.Build.0 = Debug|Any CPU
		{2BB1D56C-B781-48E6-B579-6D2BAAE57CE6}.Release|Any CPU.ActiveCfg = Release|Any CPU
		{2BB1D56C-B781-48E6-B579-6D2BAAE57CE6}.Release|Any CPU.Build.0 = Release|Any CPU
		{11B81854-B3B2-4610-8110-D1091501D6DE}.Debug|Any CPU.ActiveCfg = Debug|Any CPU
		{11B81854-B3B2-4610-8110-D1091501D6DE}.Debug|Any CPU.Build.0 = Debug|Any CPU
		{11B81854-B3B2-4610-8110-D1091501D6DE}.Release|Any CPU.ActiveCfg = Release|Any CPU
		{11B81854-B3B2-4610-8110-D1091501D6DE}.Release|Any CPU.Build.0 = Release|Any CPU
		{97F57FCF-357C-4286-807F-BEFFA9DB82F8}.Debug|Any CPU.ActiveCfg = Debug|Any CPU
		{97F57FCF-357C-4286-807F-BEFFA9DB82F8}.Debug|Any CPU.Build.0 = Debug|Any CPU
		{97F57FCF-357C-4286-807F-BEFFA9DB82F8}.Release|Any CPU.ActiveCfg = Release|Any CPU
		{97F57FCF-357C-4286-807F-BEFFA9DB82F8}.Release|Any CPU.Build.0 = Release|Any CPU
		{E8F4905A-893B-4A1E-AB1A-82124DA4B996}.Debug|Any CPU.ActiveCfg = Debug|Any CPU
		{E8F4905A-893B-4A1E-AB1A-82124DA4B996}.Debug|Any CPU.Build.0 = Debug|Any CPU
		{E8F4905A-893B-4A1E-AB1A-82124DA4B996}.Release|Any CPU.ActiveCfg = Release|Any CPU
		{E8F4905A-893B-4A1E-AB1A-82124DA4B996}.Release|Any CPU.Build.0 = Release|Any CPU
		{A4E9A407-DBFE-4437-A145-C5CC6F3FD580}.Debug|Any CPU.ActiveCfg = Debug|Any CPU
		{A4E9A407-DBFE-4437-A145-C5CC6F3FD580}.Debug|Any CPU.Build.0 = Debug|Any CPU
		{A4E9A407-DBFE-4437-A145-C5CC6F3FD580}.Release|Any CPU.ActiveCfg = Release|Any CPU
		{A4E9A407-DBFE-4437-A145-C5CC6F3FD580}.Release|Any CPU.Build.0 = Release|Any CPU
		{54B79BE3-A539-425C-97AD-95E8827E866E}.Debug|Any CPU.ActiveCfg = Debug|Any CPU
		{54B79BE3-A539-425C-97AD-95E8827E866E}.Debug|Any CPU.Build.0 = Debug|Any CPU
		{54B79BE3-A539-425C-97AD-95E8827E866E}.Release|Any CPU.ActiveCfg = Release|Any CPU
		{54B79BE3-A539-425C-97AD-95E8827E866E}.Release|Any CPU.Build.0 = Release|Any CPU
		{ECF2B4A2-01C2-47EB-B1A2-B21E387D2C74}.Debug|Any CPU.ActiveCfg = Debug|Any CPU
		{ECF2B4A2-01C2-47EB-B1A2-B21E387D2C74}.Debug|Any CPU.Build.0 = Debug|Any CPU
		{ECF2B4A2-01C2-47EB-B1A2-B21E387D2C74}.Release|Any CPU.ActiveCfg = Release|Any CPU
		{ECF2B4A2-01C2-47EB-B1A2-B21E387D2C74}.Release|Any CPU.Build.0 = Release|Any CPU
		{9E9BEC6E-042D-4600-A566-CF9D0E9AF256}.Debug|Any CPU.ActiveCfg = Debug|Any CPU
		{9E9BEC6E-042D-4600-A566-CF9D0E9AF256}.Debug|Any CPU.Build.0 = Debug|Any CPU
		{9E9BEC6E-042D-4600-A566-CF9D0E9AF256}.Release|Any CPU.ActiveCfg = Release|Any CPU
		{9E9BEC6E-042D-4600-A566-CF9D0E9AF256}.Release|Any CPU.Build.0 = Release|Any CPU
		{6085A4C4-0F03-4ADA-A11E-1CFD6D493D51}.Debug|Any CPU.ActiveCfg = Debug|Any CPU
		{6085A4C4-0F03-4ADA-A11E-1CFD6D493D51}.Debug|Any CPU.Build.0 = Debug|Any CPU
		{6085A4C4-0F03-4ADA-A11E-1CFD6D493D51}.Release|Any CPU.ActiveCfg = Release|Any CPU
		{6085A4C4-0F03-4ADA-A11E-1CFD6D493D51}.Release|Any CPU.Build.0 = Release|Any CPU
		{25B01195-6B8C-4C12-8C3B-F1DA2C6EFBB5}.Debug|Any CPU.ActiveCfg = Debug|Any CPU
		{25B01195-6B8C-4C12-8C3B-F1DA2C6EFBB5}.Debug|Any CPU.Build.0 = Debug|Any CPU
		{25B01195-6B8C-4C12-8C3B-F1DA2C6EFBB5}.Release|Any CPU.ActiveCfg = Release|Any CPU
		{25B01195-6B8C-4C12-8C3B-F1DA2C6EFBB5}.Release|Any CPU.Build.0 = Release|Any CPU
		{957CFD01-95B6-4907-904E-83AC9E7F4F2E}.Debug|Any CPU.ActiveCfg = Debug|Any CPU
		{957CFD01-95B6-4907-904E-83AC9E7F4F2E}.Debug|Any CPU.Build.0 = Debug|Any CPU
		{957CFD01-95B6-4907-904E-83AC9E7F4F2E}.Release|Any CPU.ActiveCfg = Release|Any CPU
		{957CFD01-95B6-4907-904E-83AC9E7F4F2E}.Release|Any CPU.Build.0 = Release|Any CPU
		{C6D90B7B-6451-4F9F-A846-494FEA698498}.Debug|Any CPU.ActiveCfg = Debug|Any CPU
		{C6D90B7B-6451-4F9F-A846-494FEA698498}.Debug|Any CPU.Build.0 = Debug|Any CPU
		{C6D90B7B-6451-4F9F-A846-494FEA698498}.Release|Any CPU.ActiveCfg = Release|Any CPU
		{C6D90B7B-6451-4F9F-A846-494FEA698498}.Release|Any CPU.Build.0 = Release|Any CPU
		{AA3FB3CB-857C-4D2D-BF2A-1C1C1B4C13C9}.Debug|Any CPU.ActiveCfg = Debug|Any CPU
		{AA3FB3CB-857C-4D2D-BF2A-1C1C1B4C13C9}.Debug|Any CPU.Build.0 = Debug|Any CPU
		{AA3FB3CB-857C-4D2D-BF2A-1C1C1B4C13C9}.Release|Any CPU.ActiveCfg = Release|Any CPU
		{AA3FB3CB-857C-4D2D-BF2A-1C1C1B4C13C9}.Release|Any CPU.Build.0 = Release|Any CPU
		{AD108C5B-9DAE-4C85-98BB-0FC1AC8E899A}.Debug|Any CPU.ActiveCfg = Debug|Any CPU
		{AD108C5B-9DAE-4C85-98BB-0FC1AC8E899A}.Debug|Any CPU.Build.0 = Debug|Any CPU
		{AD108C5B-9DAE-4C85-98BB-0FC1AC8E899A}.Release|Any CPU.ActiveCfg = Release|Any CPU
		{AD108C5B-9DAE-4C85-98BB-0FC1AC8E899A}.Release|Any CPU.Build.0 = Release|Any CPU
		{041C8342-2A77-4CD5-8F50-AABF238EF12D}.Debug|Any CPU.ActiveCfg = Debug|Any CPU
		{041C8342-2A77-4CD5-8F50-AABF238EF12D}.Debug|Any CPU.Build.0 = Debug|Any CPU
		{041C8342-2A77-4CD5-8F50-AABF238EF12D}.Release|Any CPU.ActiveCfg = Release|Any CPU
		{041C8342-2A77-4CD5-8F50-AABF238EF12D}.Release|Any CPU.Build.0 = Release|Any CPU
		{8C72C9F5-07BA-4ED7-842C-B1D776A21851}.Debug|Any CPU.ActiveCfg = Debug|Any CPU
		{8C72C9F5-07BA-4ED7-842C-B1D776A21851}.Debug|Any CPU.Build.0 = Debug|Any CPU
		{8C72C9F5-07BA-4ED7-842C-B1D776A21851}.Release|Any CPU.ActiveCfg = Release|Any CPU
		{8C72C9F5-07BA-4ED7-842C-B1D776A21851}.Release|Any CPU.Build.0 = Release|Any CPU
		{B3F8757E-B480-4179-ABF8-8732DF6DDCA6}.Debug|Any CPU.ActiveCfg = Debug|Any CPU
		{B3F8757E-B480-4179-ABF8-8732DF6DDCA6}.Debug|Any CPU.Build.0 = Debug|Any CPU
		{B3F8757E-B480-4179-ABF8-8732DF6DDCA6}.Release|Any CPU.ActiveCfg = Release|Any CPU
		{B3F8757E-B480-4179-ABF8-8732DF6DDCA6}.Release|Any CPU.Build.0 = Release|Any CPU
		{FE49C496-697B-4313-8916-F69CC3383E7B}.Debug|Any CPU.ActiveCfg = Debug|Any CPU
		{FE49C496-697B-4313-8916-F69CC3383E7B}.Debug|Any CPU.Build.0 = Debug|Any CPU
		{FE49C496-697B-4313-8916-F69CC3383E7B}.Release|Any CPU.ActiveCfg = Release|Any CPU
		{FE49C496-697B-4313-8916-F69CC3383E7B}.Release|Any CPU.Build.0 = Release|Any CPU
		{83E2C3A0-ECB3-4547-89B9-94167021A1D3}.Debug|Any CPU.ActiveCfg = Debug|Any CPU
		{83E2C3A0-ECB3-4547-89B9-94167021A1D3}.Debug|Any CPU.Build.0 = Debug|Any CPU
		{83E2C3A0-ECB3-4547-89B9-94167021A1D3}.Release|Any CPU.ActiveCfg = Release|Any CPU
		{83E2C3A0-ECB3-4547-89B9-94167021A1D3}.Release|Any CPU.Build.0 = Release|Any CPU
		{F97B3EFE-C4ED-4BA2-A868-36A6B617538C}.Debug|Any CPU.ActiveCfg = Debug|Any CPU
		{F97B3EFE-C4ED-4BA2-A868-36A6B617538C}.Debug|Any CPU.Build.0 = Debug|Any CPU
		{F97B3EFE-C4ED-4BA2-A868-36A6B617538C}.Release|Any CPU.ActiveCfg = Release|Any CPU
		{F97B3EFE-C4ED-4BA2-A868-36A6B617538C}.Release|Any CPU.Build.0 = Release|Any CPU
		{92E351B6-1C52-40E8-9A63-4FD2B2AAC385}.Debug|Any CPU.ActiveCfg = Debug|Any CPU
		{92E351B6-1C52-40E8-9A63-4FD2B2AAC385}.Debug|Any CPU.Build.0 = Debug|Any CPU
		{92E351B6-1C52-40E8-9A63-4FD2B2AAC385}.Release|Any CPU.ActiveCfg = Release|Any CPU
		{92E351B6-1C52-40E8-9A63-4FD2B2AAC385}.Release|Any CPU.Build.0 = Release|Any CPU
		{AB62C7D5-9D1A-48C2-A895-3840C0603046}.Debug|Any CPU.ActiveCfg = Debug|Any CPU
		{AB62C7D5-9D1A-48C2-A895-3840C0603046}.Debug|Any CPU.Build.0 = Debug|Any CPU
		{AB62C7D5-9D1A-48C2-A895-3840C0603046}.Release|Any CPU.ActiveCfg = Release|Any CPU
		{AB62C7D5-9D1A-48C2-A895-3840C0603046}.Release|Any CPU.Build.0 = Release|Any CPU
		{3CB9F6F2-51ED-4BE9-992B-6A73C4F92AD1}.Debug|Any CPU.ActiveCfg = Debug|Any CPU
		{3CB9F6F2-51ED-4BE9-992B-6A73C4F92AD1}.Debug|Any CPU.Build.0 = Debug|Any CPU
		{3CB9F6F2-51ED-4BE9-992B-6A73C4F92AD1}.Release|Any CPU.ActiveCfg = Release|Any CPU
		{3CB9F6F2-51ED-4BE9-992B-6A73C4F92AD1}.Release|Any CPU.Build.0 = Release|Any CPU
		{E5775136-36DA-4E81-B6D8-38F22FC42B38}.Debug|Any CPU.ActiveCfg = Debug|Any CPU
		{E5775136-36DA-4E81-B6D8-38F22FC42B38}.Debug|Any CPU.Build.0 = Debug|Any CPU
		{E5775136-36DA-4E81-B6D8-38F22FC42B38}.Release|Any CPU.ActiveCfg = Release|Any CPU
		{E5775136-36DA-4E81-B6D8-38F22FC42B38}.Release|Any CPU.Build.0 = Release|Any CPU
		{A81FC845-703C-44CB-B83D-7F55B857CD9B}.Debug|Any CPU.ActiveCfg = Debug|Any CPU
		{A81FC845-703C-44CB-B83D-7F55B857CD9B}.Debug|Any CPU.Build.0 = Debug|Any CPU
		{A81FC845-703C-44CB-B83D-7F55B857CD9B}.Release|Any CPU.ActiveCfg = Release|Any CPU
		{A81FC845-703C-44CB-B83D-7F55B857CD9B}.Release|Any CPU.Build.0 = Release|Any CPU
	EndGlobalSection
	GlobalSection(SolutionProperties) = preSolution
		HideSolutionNode = FALSE
	EndGlobalSection
	GlobalSection(NestedProjects) = preSolution
		{11B81854-B3B2-4610-8110-D1091501D6DE} = {3631AC14-BC76-438D-AAD9-27B56AE076EF}
		{ECF2B4A2-01C2-47EB-B1A2-B21E387D2C74} = {3631AC14-BC76-438D-AAD9-27B56AE076EF}
		{AA3FB3CB-857C-4D2D-BF2A-1C1C1B4C13C9} = {3631AC14-BC76-438D-AAD9-27B56AE076EF}
		{B3F8757E-B480-4179-ABF8-8732DF6DDCA6} = {3631AC14-BC76-438D-AAD9-27B56AE076EF}
	EndGlobalSection
EndGlobal
