
Microsoft Visual Studio Solution File, Format Version 12.00
# Visual Studio 14
VisualStudioVersion = 14.0.25123.0
MinimumVisualStudioVersion = 10.0.40219.1
Project("{FAE04EC0-301F-11D3-BF4B-00C04F79EFBC}") = "FindDigits", "FindDigits\FindDigits.csproj", "{BAA00C8F-CE6A-4DD6-A59B-10AAE24811AD}"
EndProject
Project("{FAE04EC0-301F-11D3-BF4B-00C04F79EFBC}") = "Sherlock and Squares", "Sherlock and Squares\Sherlock and Squares.csproj", "{33649C90-8FCF-4FFF-AA3A-3A09AD649C8E}"
EndProject
Project("{FAE04EC0-301F-11D3-BF4B-00C04F79EFBC}") = "Service Lane", "Service Lane\Service Lane.csproj", "{98D60389-27B1-4922-98FB-7AD7E19E7AC2}"
EndProject
Project("{FAE04EC0-301F-11D3-BF4B-00C04F79EFBC}") = "Cut the sticks", "Cut the sticks\Cut the sticks.csproj", "{3F08E882-2021-473F-B2D6-D7AE214A2449}"
EndProject
Project("{FAE04EC0-301F-11D3-BF4B-00C04F79EFBC}") = "The Love-Letter Mystery", "The Love-Letter Mystery\The Love-Letter Mystery.csproj", "{218D648C-2E93-4187-A956-79C70BB52B89}"
EndProject
Project("{FAE04EC0-301F-11D3-BF4B-00C04F79EFBC}") = "Simple Array Sum", "Simple Array Sum\Simple Array Sum.csproj", "{7BD2E366-7EDC-4984-8C19-8569F1494CED}"
EndProject
Project("{FAE04EC0-301F-11D3-BF4B-00C04F79EFBC}") = "A Very Big Sum", "A Very Big Sum\A Very Big Sum.csproj", "{4D423F6E-FC83-4642-B620-F653AEE6B63D}"
EndProject
Project("{FAE04EC0-301F-11D3-BF4B-00C04F79EFBC}") = "Diagonal Difference", "Diagonal Difference\Diagonal Difference.csproj", "{1010209F-B884-4B5F-BC83-445D73094BAC}"
EndProject
Project("{FAE04EC0-301F-11D3-BF4B-00C04F79EFBC}") = "Plus Minus", "Plus Minus\Plus Minus.csproj", "{0264E9B2-CDDC-40F3-8290-D56BAF862AEB}"
EndProject
Project("{FAE04EC0-301F-11D3-BF4B-00C04F79EFBC}") = "Staircase", "Staircase\Staircase.csproj", "{3199BB44-21FD-4B13-9FFE-B3FF00BE3C45}"
EndProject
Global
	GlobalSection(SolutionConfigurationPlatforms) = preSolution
		Debug|Any CPU = Debug|Any CPU
		Release|Any CPU = Release|Any CPU
	EndGlobalSection
	GlobalSection(ProjectConfigurationPlatforms) = postSolution
		{BAA00C8F-CE6A-4DD6-A59B-10AAE24811AD}.Debug|Any CPU.ActiveCfg = Debug|Any CPU
		{BAA00C8F-CE6A-4DD6-A59B-10AAE24811AD}.Debug|Any CPU.Build.0 = Debug|Any CPU
		{BAA00C8F-CE6A-4DD6-A59B-10AAE24811AD}.Release|Any CPU.ActiveCfg = Release|Any CPU
		{BAA00C8F-CE6A-4DD6-A59B-10AAE24811AD}.Release|Any CPU.Build.0 = Release|Any CPU
		{33649C90-8FCF-4FFF-AA3A-3A09AD649C8E}.Debug|Any CPU.ActiveCfg = Debug|Any CPU
		{33649C90-8FCF-4FFF-AA3A-3A09AD649C8E}.Debug|Any CPU.Build.0 = Debug|Any CPU
		{33649C90-8FCF-4FFF-AA3A-3A09AD649C8E}.Release|Any CPU.ActiveCfg = Release|Any CPU
		{33649C90-8FCF-4FFF-AA3A-3A09AD649C8E}.Release|Any CPU.Build.0 = Release|Any CPU
		{98D60389-27B1-4922-98FB-7AD7E19E7AC2}.Debug|Any CPU.ActiveCfg = Debug|Any CPU
		{98D60389-27B1-4922-98FB-7AD7E19E7AC2}.Debug|Any CPU.Build.0 = Debug|Any CPU
		{98D60389-27B1-4922-98FB-7AD7E19E7AC2}.Release|Any CPU.ActiveCfg = Release|Any CPU
		{98D60389-27B1-4922-98FB-7AD7E19E7AC2}.Release|Any CPU.Build.0 = Release|Any CPU
		{3F08E882-2021-473F-B2D6-D7AE214A2449}.Debug|Any CPU.ActiveCfg = Debug|Any CPU
		{3F08E882-2021-473F-B2D6-D7AE214A2449}.Debug|Any CPU.Build.0 = Debug|Any CPU
		{3F08E882-2021-473F-B2D6-D7AE214A2449}.Release|Any CPU.ActiveCfg = Release|Any CPU
		{3F08E882-2021-473F-B2D6-D7AE214A2449}.Release|Any CPU.Build.0 = Release|Any CPU
		{218D648C-2E93-4187-A956-79C70BB52B89}.Debug|Any CPU.ActiveCfg = Debug|Any CPU
		{218D648C-2E93-4187-A956-79C70BB52B89}.Debug|Any CPU.Build.0 = Debug|Any CPU
		{218D648C-2E93-4187-A956-79C70BB52B89}.Release|Any CPU.ActiveCfg = Release|Any CPU
		{218D648C-2E93-4187-A956-79C70BB52B89}.Release|Any CPU.Build.0 = Release|Any CPU
		{7BD2E366-7EDC-4984-8C19-8569F1494CED}.Debug|Any CPU.ActiveCfg = Debug|Any CPU
		{7BD2E366-7EDC-4984-8C19-8569F1494CED}.Debug|Any CPU.Build.0 = Debug|Any CPU
		{7BD2E366-7EDC-4984-8C19-8569F1494CED}.Release|Any CPU.ActiveCfg = Release|Any CPU
		{7BD2E366-7EDC-4984-8C19-8569F1494CED}.Release|Any CPU.Build.0 = Release|Any CPU
		{4D423F6E-FC83-4642-B620-F653AEE6B63D}.Debug|Any CPU.ActiveCfg = Debug|Any CPU
		{4D423F6E-FC83-4642-B620-F653AEE6B63D}.Debug|Any CPU.Build.0 = Debug|Any CPU
		{4D423F6E-FC83-4642-B620-F653AEE6B63D}.Release|Any CPU.ActiveCfg = Release|Any CPU
		{4D423F6E-FC83-4642-B620-F653AEE6B63D}.Release|Any CPU.Build.0 = Release|Any CPU
		{1010209F-B884-4B5F-BC83-445D73094BAC}.Debug|Any CPU.ActiveCfg = Debug|Any CPU
		{1010209F-B884-4B5F-BC83-445D73094BAC}.Debug|Any CPU.Build.0 = Debug|Any CPU
		{1010209F-B884-4B5F-BC83-445D73094BAC}.Release|Any CPU.ActiveCfg = Release|Any CPU
		{1010209F-B884-4B5F-BC83-445D73094BAC}.Release|Any CPU.Build.0 = Release|Any CPU
		{0264E9B2-CDDC-40F3-8290-D56BAF862AEB}.Debug|Any CPU.ActiveCfg = Debug|Any CPU
		{0264E9B2-CDDC-40F3-8290-D56BAF862AEB}.Debug|Any CPU.Build.0 = Debug|Any CPU
		{0264E9B2-CDDC-40F3-8290-D56BAF862AEB}.Release|Any CPU.ActiveCfg = Release|Any CPU
		{0264E9B2-CDDC-40F3-8290-D56BAF862AEB}.Release|Any CPU.Build.0 = Release|Any CPU
		{3199BB44-21FD-4B13-9FFE-B3FF00BE3C45}.Debug|Any CPU.ActiveCfg = Debug|Any CPU
		{3199BB44-21FD-4B13-9FFE-B3FF00BE3C45}.Debug|Any CPU.Build.0 = Debug|Any CPU
		{3199BB44-21FD-4B13-9FFE-B3FF00BE3C45}.Release|Any CPU.ActiveCfg = Release|Any CPU
		{3199BB44-21FD-4B13-9FFE-B3FF00BE3C45}.Release|Any CPU.Build.0 = Release|Any CPU
	EndGlobalSection
	GlobalSection(SolutionProperties) = preSolution
		HideSolutionNode = FALSE
	EndGlobalSection
EndGlobal
